
Microsoft Visual Studio Solution File, Format Version 12.00
# Visual Studio Version 17
VisualStudioVersion = 17.2.32516.85
MinimumVisualStudioVersion = 10.0.40219.1
Project("{FAE04EC0-301F-11D3-BF4B-00C04F79EFBC}") = "TacoCatMVC", "TacoCatMVC\TacoCatMVC.csproj", "{BCBD536D-2240-43BC-8157-578B85B5AD54}"
EndProject
Global
	GlobalSection(SolutionConfigurationPlatforms) = preSolution
		Debug|Any CPU = Debug|Any CPU
		Release|Any CPU = Release|Any CPU
	EndGlobalSection
	GlobalSection(ProjectConfigurationPlatforms) = postSolution
		{BCBD536D-2240-43BC-8157-578B85B5AD54}.Debug|Any CPU.ActiveCfg = Debug|Any CPU
		{BCBD536D-2240-43BC-8157-578B85B5AD54}.Debug|Any CPU.Build.0 = Debug|Any CPU
		{BCBD536D-2240-43BC-8157-578B85B5AD54}.Release|Any CPU.ActiveCfg = Release|Any CPU
		{BCBD536D-2240-43BC-8157-578B85B5AD54}.Release|Any CPU.Build.0 = Release|Any CPU
	EndGlobalSection
	GlobalSection(SolutionProperties) = preSolution
		HideSolutionNode = FALSE
	EndGlobalSection
	GlobalSection(ExtensibilityGlobals) = postSolution
		SolutionGuid = {C1D5D29F-493B-44FE-A2CC-C5E4D5F67E25}
	EndGlobalSection
EndGlobal
